// !$*UTF8*$!
{
	archiveVersion = 1;
	classes = {
	};
	objectVersion = 50;
	objects = {

/* Begin PBXBuildFile section */
		D7AB8AB6251D190000C82062 /* AppDelegate.swift in Sources */ = {isa = PBXBuildFile; fileRef = D7AB8AB5251D190000C82062 /* AppDelegate.swift */; };
		D7AB8AB8251D190000C82062 /* SceneDelegate.swift in Sources */ = {isa = PBXBuildFile; fileRef = D7AB8AB7251D190000C82062 /* SceneDelegate.swift */; };
		D7AB8ABA251D190000C82062 /* ViewController.swift in Sources */ = {isa = PBXBuildFile; fileRef = D7AB8AB9251D190000C82062 /* ViewController.swift */; };
		D7AB8ABD251D190000C82062 /* Main.storyboard in Resources */ = {isa = PBXBuildFile; fileRef = D7AB8ABB251D190000C82062 /* Main.storyboard */; };
		D7AB8ABF251D190100C82062 /* Assets.xcassets in Resources */ = {isa = PBXBuildFile; fileRef = D7AB8ABE251D190100C82062 /* Assets.xcassets */; };
		D7AB8AC2251D190100C82062 /* LaunchScreen.storyboard in Resources */ = {isa = PBXBuildFile; fileRef = D7AB8AC0251D190100C82062 /* LaunchScreen.storyboard */; };
		D7AB8ACD251D190100C82062 /* CalculadoraTests.swift in Sources */ = {isa = PBXBuildFile; fileRef = D7AB8ACC251D190100C82062 /* CalculadoraTests.swift */; };
		D7AB8AD8251D190100C82062 /* CalculadoraUITests.swift in Sources */ = {isa = PBXBuildFile; fileRef = D7AB8AD7251D190100C82062 /* CalculadoraUITests.swift */; };
/* End PBXBuildFile section */

/* Begin PBXContainerItemProxy section */
		D7AB8AC9251D190100C82062 /* PBXContainerItemProxy */ = {
			isa = PBXContainerItemProxy;
			containerPortal = D7AB8AAA251D190000C82062 /* Project object */;
			proxyType = 1;
			remoteGlobalIDString = D7AB8AB1251D190000C82062;
			remoteInfo = Calculadora;
		};
		D7AB8AD4251D190100C82062 /* PBXContainerItemProxy */ = {
			isa = PBXContainerItemProxy;
			containerPortal = D7AB8AAA251D190000C82062 /* Project object */;
			proxyType = 1;
			remoteGlobalIDString = D7AB8AB1251D190000C82062;
			remoteInfo = Calculadora;
		};
/* End PBXContainerItemProxy section */

/* Begin PBXFileReference section */
		D7AB8AB2251D190000C82062 /* Calculadora.app */ = {isa = PBXFileReference; explicitFileType = wrapper.application; includeInIndex = 0; path = Calculadora.app; sourceTree = BUILT_PRODUCTS_DIR; };
		D7AB8AB5251D190000C82062 /* AppDelegate.swift */ = {isa = PBXFileReference; lastKnownFileType = sourcecode.swift; path = AppDelegate.swift; sourceTree = "<group>"; };
		D7AB8AB7251D190000C82062 /* SceneDelegate.swift */ = {isa = PBXFileReference; lastKnownFileType = sourcecode.swift; path = SceneDelegate.swift; sourceTree = "<group>"; };
		D7AB8AB9251D190000C82062 /* ViewController.swift */ = {isa = PBXFileReference; lastKnownFileType = sourcecode.swift; path = ViewController.swift; sourceTree = "<group>"; };
		D7AB8ABC251D190000C82062 /* Base */ = {isa = PBXFileReference; lastKnownFileType = file.storyboard; name = Base; path = Base.lproj/Main.storyboard; sourceTree = "<group>"; };
		D7AB8ABE251D190100C82062 /* Assets.xcassets */ = {isa = PBXFileReference; lastKnownFileType = folder.assetcatalog; path = Assets.xcassets; sourceTree = "<group>"; };
		D7AB8AC1251D190100C82062 /* Base */ = {isa = PBXFileReference; lastKnownFileType = file.storyboard; name = Base; path = Base.lproj/LaunchScreen.storyboard; sourceTree = "<group>"; };
		D7AB8AC3251D190100C82062 /* Info.plist */ = {isa = PBXFileReference; lastKnownFileType = text.plist.xml; path = Info.plist; sourceTree = "<group>"; };
		D7AB8AC8251D190100C82062 /* CalculadoraTests.xctest */ = {isa = PBXFileReference; explicitFileType = wrapper.cfbundle; includeInIndex = 0; path = CalculadoraTests.xctest; sourceTree = BUILT_PRODUCTS_DIR; };
		D7AB8ACC251D190100C82062 /* CalculadoraTests.swift */ = {isa = PBXFileReference; lastKnownFileType = sourcecode.swift; path = CalculadoraTests.swift; sourceTree = "<group>"; };
		D7AB8ACE251D190100C82062 /* Info.plist */ = {isa = PBXFileReference; lastKnownFileType = text.plist.xml; path = Info.plist; sourceTree = "<group>"; };
		D7AB8AD3251D190100C82062 /* CalculadoraUITests.xctest */ = {isa = PBXFileReference; explicitFileType = wrapper.cfbundle; includeInIndex = 0; path = CalculadoraUITests.xctest; sourceTree = BUILT_PRODUCTS_DIR; };
		D7AB8AD7251D190100C82062 /* CalculadoraUITests.swift */ = {isa = PBXFileReference; lastKnownFileType = sourcecode.swift; path = CalculadoraUITests.swift; sourceTree = "<group>"; };
		D7AB8AD9251D190100C82062 /* Info.plist */ = {isa = PBXFileReference; lastKnownFileType = text.plist.xml; path = Info.plist; sourceTree = "<group>"; };
/* End PBXFileReference section */

/* Begin PBXFrameworksBuildPhase section */
		D7AB8AAF251D190000C82062 /* Frameworks */ = {
			isa = PBXFrameworksBuildPhase;
			buildActionMask = 2147483647;
			files = (
			);
			runOnlyForDeploymentPostprocessing = 0;
		};
		D7AB8AC5251D190100C82062 /* Frameworks */ = {
			isa = PBXFrameworksBuildPhase;
			buildActionMask = 2147483647;
			files = (
			);
			runOnlyForDeploymentPostprocessing = 0;
		};
		D7AB8AD0251D190100C82062 /* Frameworks */ = {
			isa = PBXFrameworksBuildPhase;
			buildActionMask = 2147483647;
			files = (
			);
			runOnlyForDeploymentPostprocessing = 0;
		};
/* End PBXFrameworksBuildPhase section */

/* Begin PBXGroup section */
		D7AB8AA9251D190000C82062 = {
			isa = PBXGroup;
			children = (
				D7AB8AB4251D190000C82062 /* Calculadora */,
				D7AB8ACB251D190100C82062 /* CalculadoraTests */,
				D7AB8AD6251D190100C82062 /* CalculadoraUITests */,
				D7AB8AB3251D190000C82062 /* Products */,
			);
			sourceTree = "<group>";
		};
		D7AB8AB3251D190000C82062 /* Products */ = {
			isa = PBXGroup;
			children = (
				D7AB8AB2251D190000C82062 /* Calculadora.app */,
				D7AB8AC8251D190100C82062 /* CalculadoraTests.xctest */,
				D7AB8AD3251D190100C82062 /* CalculadoraUITests.xctest */,
			);
			name = Products;
			sourceTree = "<group>";
		};
		D7AB8AB4251D190000C82062 /* Calculadora */ = {
			isa = PBXGroup;
			children = (
				D7AB8AB5251D190000C82062 /* AppDelegate.swift */,
				D7AB8AB7251D190000C82062 /* SceneDelegate.swift */,
				D7AB8AB9251D190000C82062 /* ViewController.swift */,
				D7AB8ABB251D190000C82062 /* Main.storyboard */,
				D7AB8ABE251D190100C82062 /* Assets.xcassets */,
				D7AB8AC0251D190100C82062 /* LaunchScreen.storyboard */,
				D7AB8AC3251D190100C82062 /* Info.plist */,
			);
			path = Calculadora;
			sourceTree = "<group>";
		};
		D7AB8ACB251D190100C82062 /* CalculadoraTests */ = {
			isa = PBXGroup;
			children = (
				D7AB8ACC251D190100C82062 /* CalculadoraTests.swift */,
				D7AB8ACE251D190100C82062 /* Info.plist */,
			);
			path = CalculadoraTests;
			sourceTree = "<group>";
		};
		D7AB8AD6251D190100C82062 /* CalculadoraUITests */ = {
			isa = PBXGroup;
			children = (
				D7AB8AD7251D190100C82062 /* CalculadoraUITests.swift */,
				D7AB8AD9251D190100C82062 /* Info.plist */,
			);
			path = CalculadoraUITests;
			sourceTree = "<group>";
		};
/* End PBXGroup section */

/* Begin PBXNativeTarget section */
		D7AB8AB1251D190000C82062 /* Calculadora */ = {
			isa = PBXNativeTarget;
			buildConfigurationList = D7AB8ADC251D190100C82062 /* Build configuration list for PBXNativeTarget "Calculadora" */;
			buildPhases = (
				D7AB8AAE251D190000C82062 /* Sources */,
				D7AB8AAF251D190000C82062 /* Frameworks */,
				D7AB8AB0251D190000C82062 /* Resources */,
			);
			buildRules = (
			);
			dependencies = (
			);
			name = Calculadora;
			productName = Calculadora;
			productReference = D7AB8AB2251D190000C82062 /* Calculadora.app */;
			productType = "com.apple.product-type.application";
		};
		D7AB8AC7251D190100C82062 /* CalculadoraTests */ = {
			isa = PBXNativeTarget;
			buildConfigurationList = D7AB8ADF251D190100C82062 /* Build configuration list for PBXNativeTarget "CalculadoraTests" */;
			buildPhases = (
				D7AB8AC4251D190100C82062 /* Sources */,
				D7AB8AC5251D190100C82062 /* Frameworks */,
				D7AB8AC6251D190100C82062 /* Resources */,
			);
			buildRules = (
			);
			dependencies = (
				D7AB8ACA251D190100C82062 /* PBXTargetDependency */,
			);
			name = CalculadoraTests;
			productName = CalculadoraTests;
			productReference = D7AB8AC8251D190100C82062 /* CalculadoraTests.xctest */;
			productType = "com.apple.product-type.bundle.unit-test";
		};
		D7AB8AD2251D190100C82062 /* CalculadoraUITests */ = {
			isa = PBXNativeTarget;
			buildConfigurationList = D7AB8AE2251D190100C82062 /* Build configuration list for PBXNativeTarget "CalculadoraUITests" */;
			buildPhases = (
				D7AB8ACF251D190100C82062 /* Sources */,
				D7AB8AD0251D190100C82062 /* Frameworks */,
				D7AB8AD1251D190100C82062 /* Resources */,
			);
			buildRules = (
			);
			dependencies = (
				D7AB8AD5251D190100C82062 /* PBXTargetDependency */,
			);
			name = CalculadoraUITests;
			productName = CalculadoraUITests;
			productReference = D7AB8AD3251D190100C82062 /* CalculadoraUITests.xctest */;
			productType = "com.apple.product-type.bundle.ui-testing";
		};
/* End PBXNativeTarget section */

/* Begin PBXProject section */
		D7AB8AAA251D190000C82062 /* Project object */ = {
			isa = PBXProject;
			attributes = {
				LastSwiftUpdateCheck = 1200;
				LastUpgradeCheck = 1200;
				TargetAttributes = {
					D7AB8AB1251D190000C82062 = {
						CreatedOnToolsVersion = 12.0;
					};
					D7AB8AC7251D190100C82062 = {
						CreatedOnToolsVersion = 12.0;
						TestTargetID = D7AB8AB1251D190000C82062;
					};
					D7AB8AD2251D190100C82062 = {
						CreatedOnToolsVersion = 12.0;
						TestTargetID = D7AB8AB1251D190000C82062;
					};
				};
			};
			buildConfigurationList = D7AB8AAD251D190000C82062 /* Build configuration list for PBXProject "Calculadora" */;
			compatibilityVersion = "Xcode 9.3";
			developmentRegion = en;
			hasScannedForEncodings = 0;
			knownRegions = (
				en,
				Base,
			);
			mainGroup = D7AB8AA9251D190000C82062;
			productRefGroup = D7AB8AB3251D190000C82062 /* Products */;
			projectDirPath = "";
			projectRoot = "";
			targets = (
				D7AB8AB1251D190000C82062 /* Calculadora */,
				D7AB8AC7251D190100C82062 /* CalculadoraTests */,
				D7AB8AD2251D190100C82062 /* CalculadoraUITests */,
			);
		};
/* End PBXProject section */

/* Begin PBXResourcesBuildPhase section */
		D7AB8AB0251D190000C82062 /* Resources */ = {
			isa = PBXResourcesBuildPhase;
			buildActionMask = 2147483647;
			files = (
				D7AB8AC2251D190100C82062 /* LaunchScreen.storyboard in Resources */,
				D7AB8ABF251D190100C82062 /* Assets.xcassets in Resources */,
				D7AB8ABD251D190000C82062 /* Main.storyboard in Resources */,
			);
			runOnlyForDeploymentPostprocessing = 0;
		};
		D7AB8AC6251D190100C82062 /* Resources */ = {
			isa = PBXResourcesBuildPhase;
			buildActionMask = 2147483647;
			files = (
			);
			runOnlyForDeploymentPostprocessing = 0;
		};
		D7AB8AD1251D190100C82062 /* Resources */ = {
			isa = PBXResourcesBuildPhase;
			buildActionMask = 2147483647;
			files = (
			);
			runOnlyForDeploymentPostprocessing = 0;
		};
/* End PBXResourcesBuildPhase section */

/* Begin PBXSourcesBuildPhase section */
		D7AB8AAE251D190000C82062 /* Sources */ = {
			isa = PBXSourcesBuildPhase;
			buildActionMask = 2147483647;
			files = (
				D7AB8ABA251D190000C82062 /* ViewController.swift in Sources */,
				D7AB8AB6251D190000C82062 /* AppDelegate.swift in Sources */,
				D7AB8AB8251D190000C82062 /* SceneDelegate.swift in Sources */,
			);
			runOnlyForDeploymentPostprocessing = 0;
		};
		D7AB8AC4251D190100C82062 /* Sources */ = {
			isa = PBXSourcesBuildPhase;
			buildActionMask = 2147483647;
			files = (
				D7AB8ACD251D190100C82062 /* CalculadoraTests.swift in Sources */,
			);
			runOnlyForDeploymentPostprocessing = 0;
		};
		D7AB8ACF251D190100C82062 /* Sources */ = {
			isa = PBXSourcesBuildPhase;
			buildActionMask = 2147483647;
			files = (
				D7AB8AD8251D190100C82062 /* CalculadoraUITests.swift in Sources */,
			);
			runOnlyForDeploymentPostprocessing = 0;
		};
/* End PBXSourcesBuildPhase section */

/* Begin PBXTargetDependency section */
		D7AB8ACA251D190100C82062 /* PBXTargetDependency */ = {
			isa = PBXTargetDependency;
			target = D7AB8AB1251D190000C82062 /* Calculadora */;
			targetProxy = D7AB8AC9251D190100C82062 /* PBXContainerItemProxy */;
		};
		D7AB8AD5251D190100C82062 /* PBXTargetDependency */ = {
			isa = PBXTargetDependency;
			target = D7AB8AB1251D190000C82062 /* Calculadora */;
			targetProxy = D7AB8AD4251D190100C82062 /* PBXContainerItemProxy */;
		};
/* End PBXTargetDependency section */

/* Begin PBXVariantGroup section */
		D7AB8ABB251D190000C82062 /* Main.storyboard */ = {
			isa = PBXVariantGroup;
			children = (
				D7AB8ABC251D190000C82062 /* Base */,
			);
			name = Main.storyboard;
			sourceTree = "<group>";
		};
		D7AB8AC0251D190100C82062 /* LaunchScreen.storyboard */ = {
			isa = PBXVariantGroup;
			children = (
				D7AB8AC1251D190100C82062 /* Base */,
			);
			name = LaunchScreen.storyboard;
			sourceTree = "<group>";
		};
/* End PBXVariantGroup section */

/* Begin XCBuildConfiguration section */
		D7AB8ADA251D190100C82062 /* Debug */ = {
			isa = XCBuildConfiguration;
			buildSettings = {
				ALWAYS_SEARCH_USER_PATHS = NO;
				CLANG_ANALYZER_NONNULL = YES;
				CLANG_ANALYZER_NUMBER_OBJECT_CONVERSION = YES_AGGRESSIVE;
				CLANG_CXX_LANGUAGE_STANDARD = "gnu++14";
				CLANG_CXX_LIBRARY = "libc++";
				CLANG_ENABLE_MODULES = YES;
				CLANG_ENABLE_OBJC_ARC = YES;
				CLANG_ENABLE_OBJC_WEAK = YES;
				CLANG_WARN_BLOCK_CAPTURE_AUTORELEASING = YES;
				CLANG_WARN_BOOL_CONVERSION = YES;
				CLANG_WARN_COMMA = YES;
				CLANG_WARN_CONSTANT_CONVERSION = YES;
				CLANG_WARN_DEPRECATED_OBJC_IMPLEMENTATIONS = YES;
				CLANG_WARN_DIRECT_OBJC_ISA_USAGE = YES_ERROR;
				CLANG_WARN_DOCUMENTATION_COMMENTS = YES;
				CLANG_WARN_EMPTY_BODY = YES;
				CLANG_WARN_ENUM_CONVERSION = YES;
				CLANG_WARN_INFINITE_RECURSION = YES;
				CLANG_WARN_INT_CONVERSION = YES;
				CLANG_WARN_NON_LITERAL_NULL_CONVERSION = YES;
				CLANG_WARN_OBJC_IMPLICIT_RETAIN_SELF = YES;
				CLANG_WARN_OBJC_LITERAL_CONVERSION = YES;
				CLANG_WARN_OBJC_ROOT_CLASS = YES_ERROR;
				CLANG_WARN_QUOTED_INCLUDE_IN_FRAMEWORK_HEADER = YES;
				CLANG_WARN_RANGE_LOOP_ANALYSIS = YES;
				CLANG_WARN_STRICT_PROTOTYPES = YES;
				CLANG_WARN_SUSPICIOUS_MOVE = YES;
				CLANG_WARN_UNGUARDED_AVAILABILITY = YES_AGGRESSIVE;
				CLANG_WARN_UNREACHABLE_CODE = YES;
				CLANG_WARN__DUPLICATE_METHOD_MATCH = YES;
				COPY_PHASE_STRIP = NO;
				DEBUG_INFORMATION_FORMAT = dwarf;
				ENABLE_STRICT_OBJC_MSGSEND = YES;
				ENABLE_TESTABILITY = YES;
				GCC_C_LANGUAGE_STANDARD = gnu11;
				GCC_DYNAMIC_NO_PIC = NO;
				GCC_NO_COMMON_BLOCKS = YES;
				GCC_OPTIMIZATION_LEVEL = 0;
				GCC_PREPROCESSOR_DEFINITIONS = (
					"DEBUG=1",
					"$(inherited)",
				);
				GCC_WARN_64_TO_32_BIT_CONVERSION = YES;
				GCC_WARN_ABOUT_RETURN_TYPE = YES_ERROR;
				GCC_WARN_UNDECLARED_SELECTOR = YES;
				GCC_WARN_UNINITIALIZED_AUTOS = YES_AGGRESSIVE;
				GCC_WARN_UNUSED_FUNCTION = YES;
				GCC_WARN_UNUSED_VARIABLE = YES;
				IPHONEOS_DEPLOYMENT_TARGET = 14.0;
				MTL_ENABLE_DEBUG_INFO = INCLUDE_SOURCE;
				MTL_FAST_MATH = YES;
				ONLY_ACTIVE_ARCH = YES;
				SDKROOT = iphoneos;
				SWIFT_ACTIVE_COMPILATION_CONDITIONS = DEBUG;
				SWIFT_OPTIMIZATION_LEVEL = "-Onone";
			};
			name = Debug;
		};
		D7AB8ADB251D190100C82062 /* Release */ = {
			isa = XCBuildConfiguration;
			buildSettings = {
				ALWAYS_SEARCH_USER_PATHS = NO;
				CLANG_ANALYZER_NONNULL = YES;
				CLANG_ANALYZER_NUMBER_OBJECT_CONVERSION = YES_AGGRESSIVE;
				CLANG_CXX_LANGUAGE_STANDARD = "gnu++14";
				CLANG_CXX_LIBRARY = "libc++";
				CLANG_ENABLE_MODULES = YES;
				CLANG_ENABLE_OBJC_ARC = YES;
				CLANG_ENABLE_OBJC_WEAK = YES;
				CLANG_WARN_BLOCK_CAPTURE_AUTORELEASING = YES;
				CLANG_WARN_BOOL_CONVERSION = YES;
				CLANG_WARN_COMMA = YES;
				CLANG_WARN_CONSTANT_CONVERSION = YES;
				CLANG_WARN_DEPRECATED_OBJC_IMPLEMENTATIONS = YES;
				CLANG_WARN_DIRECT_OBJC_ISA_USAGE = YES_ERROR;
				CLANG_WARN_DOCUMENTATION_COMMENTS = YES;
				CLANG_WARN_EMPTY_BODY = YES;
				CLANG_WARN_ENUM_CONVERSION = YES;
				CLANG_WARN_INFINITE_RECURSION = YES;
				CLANG_WARN_INT_CONVERSION = YES;
				CLANG_WARN_NON_LITERAL_NULL_CONVERSION = YES;
				CLANG_WARN_OBJC_IMPLICIT_RETAIN_SELF = YES;
				CLANG_WARN_OBJC_LITERAL_CONVERSION = YES;
				CLANG_WARN_OBJC_ROOT_CLASS = YES_ERROR;
				CLANG_WARN_QUOTED_INCLUDE_IN_FRAMEWORK_HEADER = YES;
				CLANG_WARN_RANGE_LOOP_ANALYSIS = YES;
				CLANG_WARN_STRICT_PROTOTYPES = YES;
				CLANG_WARN_SUSPICIOUS_MOVE = YES;
				CLANG_WARN_UNGUARDED_AVAILABILITY = YES_AGGRESSIVE;
				CLANG_WARN_UNREACHABLE_CODE = YES;
				CLANG_WARN__DUPLICATE_METHOD_MATCH = YES;
				COPY_PHASE_STRIP = NO;
				DEBUG_INFORMATION_FORMAT = "dwarf-with-dsym";
				ENABLE_NS_ASSERTIONS = NO;
				ENABLE_STRICT_OBJC_MSGSEND = YES;
				GCC_C_LANGUAGE_STANDARD = gnu11;
				GCC_NO_COMMON_BLOCKS = YES;
				GCC_WARN_64_TO_32_BIT_CONVERSION = YES;
				GCC_WARN_ABOUT_RETURN_TYPE = YES_ERROR;
				GCC_WARN_UNDECLARED_SELECTOR = YES;
				GCC_WARN_UNINITIALIZED_AUTOS = YES_AGGRESSIVE;
				GCC_WARN_UNUSED_FUNCTION = YES;
				GCC_WARN_UNUSED_VARIABLE = YES;
				IPHONEOS_DEPLOYMENT_TARGET = 14.0;
				MTL_ENABLE_DEBUG_INFO = NO;
				MTL_FAST_MATH = YES;
				SDKROOT = iphoneos;
				SWIFT_COMPILATION_MODE = wholemodule;
				SWIFT_OPTIMIZATION_LEVEL = "-O";
				VALIDATE_PRODUCT = YES;
			};
			name = Release;
		};
		D7AB8ADD251D190100C82062 /* Debug */ = {
			isa = XCBuildConfiguration;
			buildSettings = {
				ASSETCATALOG_COMPILER_APPICON_NAME = AppIcon;
				ASSETCATALOG_COMPILER_GLOBAL_ACCENT_COLOR_NAME = AccentColor;
				CODE_SIGN_STYLE = Automatic;
				DEVELOPMENT_TEAM = Z55C678GT4;
				INFOPLIST_FILE = Calculadora/Info.plist;
				LD_RUNPATH_SEARCH_PATHS = (
					"$(inherited)",
					"@executable_path/Frameworks",
				);
				PRODUCT_BUNDLE_IDENTIFIER = com.dhernandez.Calculadora;
				PRODUCT_NAME = "$(TARGET_NAME)";
				SWIFT_VERSION = 5.0;
				TARGETED_DEVICE_FAMILY = "1,2";
			};
			name = Debug;
		};
		D7AB8ADE251D190100C82062 /* Release */ = {
			isa = XCBuildConfiguration;
			buildSettings = {
				ASSETCATALOG_COMPILER_APPICON_NAME = AppIcon;
				ASSETCATALOG_COMPILER_GLOBAL_ACCENT_COLOR_NAME = AccentColor;
				CODE_SIGN_STYLE = Automatic;
				DEVELOPMENT_TEAM = Z55C678GT4;
				INFOPLIST_FILE = Calculadora/Info.plist;
				LD_RUNPATH_SEARCH_PATHS = (
					"$(inherited)",
					"@executable_path/Frameworks",
				);
				PRODUCT_BUNDLE_IDENTIFIER = com.dhernandez.Calculadora;
				PRODUCT_NAME = "$(TARGET_NAME)";
				SWIFT_VERSION = 5.0;
				TARGETED_DEVICE_FAMILY = "1,2";
			};
			name = Release;
		};
		D7AB8AE0251D190100C82062 /* Debug */ = {
			isa = XCBuildConfiguration;
			buildSettings = {
				ALWAYS_EMBED_SWIFT_STANDARD_LIBRARIES = YES;
				BUNDLE_LOADER = "$(TEST_HOST)";
				CODE_SIGN_STYLE = Automatic;
				DEVELOPMENT_TEAM = Z55C678GT4;
				INFOPLIST_FILE = CalculadoraTests/Info.plist;
				IPHONEOS_DEPLOYMENT_TARGET = 14.0;
				LD_RUNPATH_SEARCH_PATHS = (
					"$(inherited)",
					"@executable_path/Frameworks",
					"@loader_path/Frameworks",
				);
				PRODUCT_BUNDLE_IDENTIFIER = com.dhernandez.CalculadoraTests;
				PRODUCT_NAME = "$(TARGET_NAME)";
				SWIFT_VERSION = 5.0;
				TARGETED_DEVICE_FAMILY = "1,2";
				TEST_HOST = "$(BUILT_PRODUCTS_DIR)/Calculadora.app/Calculadora";
			};
			name = Debug;
		};
		D7AB8AE1251D190100C82062 /* Release */ = {
			isa = XCBuildConfiguration;
			buildSettings = {
				ALWAYS_EMBED_SWIFT_STANDARD_LIBRARIES = YES;
				BUNDLE_LOADER = "$(TEST_HOST)";
				CODE_SIGN_STYLE = Automatic;
				DEVELOPMENT_TEAM = Z55C678GT4;
				INFOPLIST_FILE = CalculadoraTests/Info.plist;
				IPHONEOS_DEPLOYMENT_TARGET = 14.0;
				LD_RUNPATH_SEARCH_PATHS = (
					"$(inherited)",
					"@executable_path/Frameworks",
					"@loader_path/Frameworks",
				);
				PRODUCT_BUNDLE_IDENTIFIER = com.dhernandez.CalculadoraTests;
				PRODUCT_NAME = "$(TARGET_NAME)";
				SWIFT_VERSION = 5.0;
				TARGETED_DEVICE_FAMILY = "1,2";
				TEST_HOST = "$(BUILT_PRODUCTS_DIR)/Calculadora.app/Calculadora";
			};
			name = Release;
		};
		D7AB8AE3251D190100C82062 /* Debug */ = {
			isa = XCBuildConfiguration;
			buildSettings = {
				ALWAYS_EMBED_SWIFT_STANDARD_LIBRARIES = YES;
				CODE_SIGN_STYLE = Automatic;
				DEVELOPMENT_TEAM = Z55C678GT4;
				INFOPLIST_FILE = CalculadoraUITests/Info.plist;
				LD_RUNPATH_SEARCH_PATHS = (
					"$(inherited)",
					"@executable_path/Frameworks",
					"@loader_path/Frameworks",
				);
				PRODUCT_BUNDLE_IDENTIFIER = com.dhernandez.CalculadoraUITests;
				PRODUCT_NAME = "$(TARGET_NAME)";
				SWIFT_VERSION = 5.0;
				TARGETED_DEVICE_FAMILY = "1,2";
				TEST_TARGET_NAME = Calculadora;
			};
			name = Debug;
		};
		D7AB8AE4251D190100C82062 /* Release */ = {
			isa = XCBuildConfiguration;
			buildSettings = {
				ALWAYS_EMBED_SWIFT_STANDARD_LIBRARIES = YES;
				CODE_SIGN_STYLE = Automatic;
				DEVELOPMENT_TEAM = Z55C678GT4;
				INFOPLIST_FILE = CalculadoraUITests/Info.plist;
				LD_RUNPATH_SEARCH_PATHS = (
					"$(inherited)",
					"@executable_path/Frameworks",
					"@loader_path/Frameworks",
				);
				PRODUCT_BUNDLE_IDENTIFIER = com.dhernandez.CalculadoraUITests;
				PRODUCT_NAME = "$(TARGET_NAME)";
				SWIFT_VERSION = 5.0;
				TARGETED_DEVICE_FAMILY = "1,2";
				TEST_TARGET_NAME = Calculadora;
			};
			name = Release;
		};
/* End XCBuildConfiguration section */

/* Begin XCConfigurationList section */
		D7AB8AAD251D190000C82062 /* Build configuration list for PBXProject "Calculadora" */ = {
			isa = XCConfigurationList;
			buildConfigurations = (
				D7AB8ADA251D190100C82062 /* Debug */,
				D7AB8ADB251D190100C82062 /* Release */,
			);
			defaultConfigurationIsVisible = 0;
			defaultConfigurationName = Release;
		};
		D7AB8ADC251D190100C82062 /* Build configuration list for PBXNativeTarget "Calculadora" */ = {
			isa = XCConfigurationList;
			buildConfigurations = (
				D7AB8ADD251D190100C82062 /* Debug */,
				D7AB8ADE251D190100C82062 /* Release */,
			);
			defaultConfigurationIsVisible = 0;
			defaultConfigurationName = Release;
		};
		D7AB8ADF251D190100C82062 /* Build configuration list for PBXNativeTarget "CalculadoraTests" */ = {
			isa = XCConfigurationList;
			buildConfigurations = (
				D7AB8AE0251D190100C82062 /* Debug */,
				D7AB8AE1251D190100C82062 /* Release */,
			);
			defaultConfigurationIsVisible = 0;
			defaultConfigurationName = Release;
		};
		D7AB8AE2251D190100C82062 /* Build configuration list for PBXNativeTarget "CalculadoraUITests" */ = {
			isa = XCConfigurationList;
			buildConfigurations = (
				D7AB8AE3251D190100C82062 /* Debug */,
				D7AB8AE4251D190100C82062 /* Release */,
			);
			defaultConfigurationIsVisible = 0;
			defaultConfigurationName = Release;
		};
/* End XCConfigurationList section */
	};
	rootObject = D7AB8AAA251D190000C82062 /* Project object */;
}
